
Microsoft Visual Studio Solution File, Format Version 12.00
# Visual Studio Version 17
VisualStudioVersion = 17.10.35013.160
MinimumVisualStudioVersion = 10.0.40219.1
Project("{9A19103F-16F7-4668-BE54-9A1E7A4F7556}") = "ToDoApp", "ToDoApp\ToDoApp.csproj", "{08B2F6F6-4A83-40E3-BCB7-CFCD16CA8949}"
EndProject
Project("{9A19103F-16F7-4668-BE54-9A1E7A4F7556}") = "ToDoApp.Data", "ToDoApp.Data\ToDoApp.Data.csproj", "{17B54D42-BA85-42C1-956B-70E21DB6D3F9}"
EndProject
Project("{FAE04EC0-301F-11D3-BF4B-00C04F79EFBC}") = "ToDoApp.Api", "ToDoApp.Api\ToDoApp.Api.csproj", "{6658D724-B558-459F-8FCD-1C7FD3EDCAD8}"
EndProject
Global
	GlobalSection(SolutionConfigurationPlatforms) = preSolution
		Debug|Any CPU = Debug|Any CPU
		Release|Any CPU = Release|Any CPU
	EndGlobalSection
	GlobalSection(ProjectConfigurationPlatforms) = postSolution
		{08B2F6F6-4A83-40E3-BCB7-CFCD16CA8949}.Debug|Any CPU.ActiveCfg = Debug|Any CPU
		{08B2F6F6-4A83-40E3-BCB7-CFCD16CA8949}.Debug|Any CPU.Build.0 = Debug|Any CPU
		{08B2F6F6-4A83-40E3-BCB7-CFCD16CA8949}.Release|Any CPU.ActiveCfg = Release|Any CPU
		{08B2F6F6-4A83-40E3-BCB7-CFCD16CA8949}.Release|Any CPU.Build.0 = Release|Any CPU
		{17B54D42-BA85-42C1-956B-70E21DB6D3F9}.Debug|Any CPU.ActiveCfg = Debug|Any CPU
		{17B54D42-BA85-42C1-956B-70E21DB6D3F9}.Debug|Any CPU.Build.0 = Debug|Any CPU
		{17B54D42-BA85-42C1-956B-70E21DB6D3F9}.Release|Any CPU.ActiveCfg = Release|Any CPU
		{17B54D42-BA85-42C1-956B-70E21DB6D3F9}.Release|Any CPU.Build.0 = Release|Any CPU
		{6658D724-B558-459F-8FCD-1C7FD3EDCAD8}.Debug|Any CPU.ActiveCfg = Debug|Any CPU
		{6658D724-B558-459F-8FCD-1C7FD3EDCAD8}.Debug|Any CPU.Build.0 = Debug|Any CPU
		{6658D724-B558-459F-8FCD-1C7FD3EDCAD8}.Release|Any CPU.ActiveCfg = Release|Any CPU
		{6658D724-B558-459F-8FCD-1C7FD3EDCAD8}.Release|Any CPU.Build.0 = Release|Any CPU
	EndGlobalSection
	GlobalSection(SolutionProperties) = preSolution
		HideSolutionNode = FALSE
	EndGlobalSection
	GlobalSection(ExtensibilityGlobals) = postSolution
		SolutionGuid = {0EFD2A33-3A77-4B32-8F61-4100F9E24A8B}
	EndGlobalSection
EndGlobal
